
Microsoft Visual Studio Solution File, Format Version 12.00
# Visual Studio Version 16
VisualStudioVersion = 16.0.30523.141
MinimumVisualStudioVersion = 10.0.40219.1
Project("{8BC9CEB8-8B4A-11D0-8D11-00A0C91BC942}") = "Trying v14.1", "Trying v14.1\Trying v14.1.vcxproj", "{0BFACF0D-1416-43FB-AE72-FCB3E3F66A95}"
EndProject
Global
	GlobalSection(SolutionConfigurationPlatforms) = preSolution
		Debug|x64 = Debug|x64
		Debug|x86 = Debug|x86
		Release|x64 = Release|x64
		Release|x86 = Release|x86
	EndGlobalSection
	GlobalSection(ProjectConfigurationPlatforms) = postSolution
		{0BFACF0D-1416-43FB-AE72-FCB3E3F66A95}.Debug|x64.ActiveCfg = Debug|x64
		{0BFACF0D-1416-43FB-AE72-FCB3E3F66A95}.Debug|x64.Build.0 = Debug|x64
		{0BFACF0D-1416-43FB-AE72-FCB3E3F66A95}.Debug|x86.ActiveCfg = Debug|Win32
		{0BFACF0D-1416-43FB-AE72-FCB3E3F66A95}.Debug|x86.Build.0 = Debug|Win32
		{0BFACF0D-1416-43FB-AE72-FCB3E3F66A95}.Release|x64.ActiveCfg = Release|x64
		{0BFACF0D-1416-43FB-AE72-FCB3E3F66A95}.Release|x64.Build.0 = Release|x64
		{0BFACF0D-1416-43FB-AE72-FCB3E3F66A95}.Release|x86.ActiveCfg = Release|Win32
		{0BFACF0D-1416-43FB-AE72-FCB3E3F66A95}.Release|x86.Build.0 = Release|Win32
	EndGlobalSection
	GlobalSection(SolutionProperties) = preSolution
		HideSolutionNode = FALSE
	EndGlobalSection
	GlobalSection(ExtensibilityGlobals) = postSolution
		SolutionGuid = {1E734771-BD27-4F73-A88A-BC2EB934D13D}
	EndGlobalSection
EndGlobal
