
Microsoft Visual Studio Solution File, Format Version 12.00
# Visual Studio Version 16
VisualStudioVersion = 16.0.30523.141
MinimumVisualStudioVersion = 10.0.40219.1
Project("{8BC9CEB8-8B4A-11D0-8D11-00A0C91BC942}") = "Lab №6 v15", "Lab №6 v15\Lab №6 v15.vcxproj", "{472564D0-275B-441F-9286-107BC3B7744F}"
EndProject
Global
	GlobalSection(SolutionConfigurationPlatforms) = preSolution
		Debug|x64 = Debug|x64
		Debug|x86 = Debug|x86
		Release|x64 = Release|x64
		Release|x86 = Release|x86
	EndGlobalSection
	GlobalSection(ProjectConfigurationPlatforms) = postSolution
		{472564D0-275B-441F-9286-107BC3B7744F}.Debug|x64.ActiveCfg = Debug|x64
		{472564D0-275B-441F-9286-107BC3B7744F}.Debug|x64.Build.0 = Debug|x64
		{472564D0-275B-441F-9286-107BC3B7744F}.Debug|x86.ActiveCfg = Debug|Win32
		{472564D0-275B-441F-9286-107BC3B7744F}.Debug|x86.Build.0 = Debug|Win32
		{472564D0-275B-441F-9286-107BC3B7744F}.Release|x64.ActiveCfg = Release|x64
		{472564D0-275B-441F-9286-107BC3B7744F}.Release|x64.Build.0 = Release|x64
		{472564D0-275B-441F-9286-107BC3B7744F}.Release|x86.ActiveCfg = Release|Win32
		{472564D0-275B-441F-9286-107BC3B7744F}.Release|x86.Build.0 = Release|Win32
	EndGlobalSection
	GlobalSection(SolutionProperties) = preSolution
		HideSolutionNode = FALSE
	EndGlobalSection
	GlobalSection(ExtensibilityGlobals) = postSolution
		SolutionGuid = {1E51B21B-B968-434F-95DE-0647281AC049}
	EndGlobalSection
EndGlobal
